{
  "nodes": {
    "nixpkgs": {
      "locked": {
        "lastModified": 1623910972,
        "narHash": "sha256-IG457bB+n5cEpzG+QwWBvSpsuDWN7BUPS1ohsdEjkyc=",
        "owner": "NixOS",
        "repo": "nixpkgs",
        "rev": "c285ab05df4e4793fba3a278bed414cc600725d1",
        "type": "github"
      },
      "original": {
        "id": "nixpkgs",
        "type": "indirect"
      }
    },
    "root": {
      "inputs": {
        "nixpkgs": "nixpkgs",
        "utils": "utils"
      }
    },
    "utils": {
      "locked": {
        "lastModified": 1623875721,
        "narHash": "sha256-A8BU7bjS5GirpAUv4QA+QnJ4CceLHkcXdRp4xITDB0s=",
        "owner": "numtide",
        "repo": "flake-utils",
        "rev": "f7e004a55b120c02ecb6219596820fcd32ca8772",
        "type": "github"
      },
      "original": {
        "owner": "numtide",
        "repo": "flake-utils",
        "type": "github"
      }
    }
  },
  "root": "root",
  "version": 7
}
